
Microsoft Visual Studio Solution File, Format Version 12.00
# Visual Studio Version 17
VisualStudioVersion = 17.0.31903.59
MinimumVisualStudioVersion = 10.0.40219.1
Project("{FAE04EC0-301F-11D3-BF4B-00C04F79EFBC}") = "PromptValueEstimator.Api", "PromptValueEstimator.Api\PromptValueEstimator.Api.csproj", "{8D95BD38-E3B9-477C-8539-D08B6CC7CF3A}"
EndProject
Project("{FAE04EC0-301F-11D3-BF4B-00C04F79EFBC}") = "PromptValueEstimator.Application", "PromptValueEstimator.Application\PromptValueEstimator.Application.csproj", "{B90B8B57-C7C3-4738-956A-799310B2D439}"
EndProject
Project("{FAE04EC0-301F-11D3-BF4B-00C04F79EFBC}") = "PromptValueEstimator.Infrastructure", "PromptValueEstimator.Infrastructure\PromptValueEstimator.Infrastructure.csproj", "{783E1CDD-E772-4E99-A770-8BE70AA890B3}"
EndProject
Project("{2150E333-8FDC-42A3-9474-1A3956D46DE8}") = "Solution Items", "Solution Items", "{8EC462FD-D22E-90A8-E5CE-7E832BA40C5D}"
	ProjectSection(SolutionItems) = preProject
		Dockerfile.txt = Dockerfile.txt
	EndProjectSection
EndProject
Global
	GlobalSection(SolutionConfigurationPlatforms) = preSolution
		Debug|Any CPU = Debug|Any CPU
		Debug|x64 = Debug|x64
		Debug|x86 = Debug|x86
		Release|Any CPU = Release|Any CPU
		Release|x64 = Release|x64
		Release|x86 = Release|x86
	EndGlobalSection
	GlobalSection(ProjectConfigurationPlatforms) = postSolution
		{8D95BD38-E3B9-477C-8539-D08B6CC7CF3A}.Debug|Any CPU.ActiveCfg = Debug|Any CPU
		{8D95BD38-E3B9-477C-8539-D08B6CC7CF3A}.Debug|Any CPU.Build.0 = Debug|Any CPU
		{8D95BD38-E3B9-477C-8539-D08B6CC7CF3A}.Debug|x64.ActiveCfg = Debug|Any CPU
		{8D95BD38-E3B9-477C-8539-D08B6CC7CF3A}.Debug|x64.Build.0 = Debug|Any CPU
		{8D95BD38-E3B9-477C-8539-D08B6CC7CF3A}.Debug|x86.ActiveCfg = Debug|Any CPU
		{8D95BD38-E3B9-477C-8539-D08B6CC7CF3A}.Debug|x86.Build.0 = Debug|Any CPU
		{8D95BD38-E3B9-477C-8539-D08B6CC7CF3A}.Release|Any CPU.ActiveCfg = Release|Any CPU
		{8D95BD38-E3B9-477C-8539-D08B6CC7CF3A}.Release|Any CPU.Build.0 = Release|Any CPU
		{8D95BD38-E3B9-477C-8539-D08B6CC7CF3A}.Release|x64.ActiveCfg = Release|Any CPU
		{8D95BD38-E3B9-477C-8539-D08B6CC7CF3A}.Release|x64.Build.0 = Release|Any CPU
		{8D95BD38-E3B9-477C-8539-D08B6CC7CF3A}.Release|x86.ActiveCfg = Release|Any CPU
		{8D95BD38-E3B9-477C-8539-D08B6CC7CF3A}.Release|x86.Build.0 = Release|Any CPU
		{B90B8B57-C7C3-4738-956A-799310B2D439}.Debug|Any CPU.ActiveCfg = Debug|Any CPU
		{B90B8B57-C7C3-4738-956A-799310B2D439}.Debug|Any CPU.Build.0 = Debug|Any CPU
		{B90B8B57-C7C3-4738-956A-799310B2D439}.Debug|x64.ActiveCfg = Debug|Any CPU
		{B90B8B57-C7C3-4738-956A-799310B2D439}.Debug|x64.Build.0 = Debug|Any CPU
		{B90B8B57-C7C3-4738-956A-799310B2D439}.Debug|x86.ActiveCfg = Debug|Any CPU
		{B90B8B57-C7C3-4738-956A-799310B2D439}.Debug|x86.Build.0 = Debug|Any CPU
		{B90B8B57-C7C3-4738-956A-799310B2D439}.Release|Any CPU.ActiveCfg = Release|Any CPU
		{B90B8B57-C7C3-4738-956A-799310B2D439}.Release|Any CPU.Build.0 = Release|Any CPU
		{B90B8B57-C7C3-4738-956A-799310B2D439}.Release|x64.ActiveCfg = Release|Any CPU
		{B90B8B57-C7C3-4738-956A-799310B2D439}.Release|x64.Build.0 = Release|Any CPU
		{B90B8B57-C7C3-4738-956A-799310B2D439}.Release|x86.ActiveCfg = Release|Any CPU
		{B90B8B57-C7C3-4738-956A-799310B2D439}.Release|x86.Build.0 = Release|Any CPU
		{783E1CDD-E772-4E99-A770-8BE70AA890B3}.Debug|Any CPU.ActiveCfg = Debug|Any CPU
		{783E1CDD-E772-4E99-A770-8BE70AA890B3}.Debug|Any CPU.Build.0 = Debug|Any CPU
		{783E1CDD-E772-4E99-A770-8BE70AA890B3}.Debug|x64.ActiveCfg = Debug|Any CPU
		{783E1CDD-E772-4E99-A770-8BE70AA890B3}.Debug|x64.Build.0 = Debug|Any CPU
		{783E1CDD-E772-4E99-A770-8BE70AA890B3}.Debug|x86.ActiveCfg = Debug|Any CPU
		{783E1CDD-E772-4E99-A770-8BE70AA890B3}.Debug|x86.Build.0 = Debug|Any CPU
		{783E1CDD-E772-4E99-A770-8BE70AA890B3}.Release|Any CPU.ActiveCfg = Release|Any CPU
		{783E1CDD-E772-4E99-A770-8BE70AA890B3}.Release|Any CPU.Build.0 = Release|Any CPU
		{783E1CDD-E772-4E99-A770-8BE70AA890B3}.Release|x64.ActiveCfg = Release|Any CPU
		{783E1CDD-E772-4E99-A770-8BE70AA890B3}.Release|x64.Build.0 = Release|Any CPU
		{783E1CDD-E772-4E99-A770-8BE70AA890B3}.Release|x86.ActiveCfg = Release|Any CPU
		{783E1CDD-E772-4E99-A770-8BE70AA890B3}.Release|x86.Build.0 = Release|Any CPU
	EndGlobalSection
	GlobalSection(SolutionProperties) = preSolution
		HideSolutionNode = FALSE
	EndGlobalSection
	GlobalSection(ExtensibilityGlobals) = postSolution
		SolutionGuid = {7AE80F5E-BCE2-40F1-BC9C-79E1708BDA13}
	EndGlobalSection
EndGlobal
